{
  "name": "SQL",
  "lockfileVersion": 3,
  "requires": true,
  "packages": {
    "": {
      "dependencies": {
        "@electric-sql/pglite": "^0.3.11"
      }
    },
    "node_modules/@electric-sql/pglite": {
      "version": "0.3.11",
      "resolved": "https://registry.npmjs.org/@electric-sql/pglite/-/pglite-0.3.11.tgz",
      "integrity": "sha512-FJtjnEyez8XgmgyE5Ewmx89TGVN+75ZjykFoExApRIbJBMT4dsbsuZkF/YWLuymGDfGFHDACjvENPMEqg4FoWg==",
      "license": "Apache-2.0"
    }
  }
}
